
Microsoft Visual Studio Solution File, Format Version 12.00
# Visual Studio Version 17
VisualStudioVersion = 17.2.32630.192
MinimumVisualStudioVersion = 10.0.40219.1
Project("{FAE04EC0-301F-11D3-BF4B-00C04F79EFBC}") = "StaticExercise", "StaticExercise\StaticExercise.csproj", "{663C7DD7-9DA0-4B8E-9385-EEF236BACACB}"
EndProject
Global
	GlobalSection(SolutionConfigurationPlatforms) = preSolution
		Debug|Any CPU = Debug|Any CPU
		Release|Any CPU = Release|Any CPU
	EndGlobalSection
	GlobalSection(ProjectConfigurationPlatforms) = postSolution
		{663C7DD7-9DA0-4B8E-9385-EEF236BACACB}.Debug|Any CPU.ActiveCfg = Debug|Any CPU
		{663C7DD7-9DA0-4B8E-9385-EEF236BACACB}.Debug|Any CPU.Build.0 = Debug|Any CPU
		{663C7DD7-9DA0-4B8E-9385-EEF236BACACB}.Release|Any CPU.ActiveCfg = Release|Any CPU
		{663C7DD7-9DA0-4B8E-9385-EEF236BACACB}.Release|Any CPU.Build.0 = Release|Any CPU
	EndGlobalSection
	GlobalSection(SolutionProperties) = preSolution
		HideSolutionNode = FALSE
	EndGlobalSection
	GlobalSection(ExtensibilityGlobals) = postSolution
		SolutionGuid = {BE20EBF3-C64A-48F6-B5C4-FF3D92955253}
	EndGlobalSection
EndGlobal
